// !$*UTF8*$!
{
	archiveVersion = 1;
	classes = {
	};
	objectVersion = 77;
	objects = {

/* Begin PBXBuildFile section */
		F0FF8BBE3059293100B7C84F /* FloatingPanel in Frameworks */ = {isa = PBXBuildFile; productRef = F0FF8BBD3059293100B7C84F /* FloatingPanel */; };
		F0FF8BC13059293C00B7C84F /* Kingfisher in Frameworks */ = {isa = PBXBuildFile; productRef = F0FF8BC03059293C00B7C84F /* Kingfisher */; };
		F0FF8BC43059299100B7C84F /* FirebaseAnalytics in Frameworks */ = {isa = PBXBuildFile; productRef = F0FF8BC33059299100B7C84F /* FirebaseAnalytics */; };
		F0FF8BC63059299100B7C84F /* FirebaseAnalyticsCore in Frameworks */ = {isa = PBXBuildFile; productRef = F0FF8BC53059299100B7C84F /* FirebaseAnalyticsCore */; };
		F0FF8BC83059299100B7C84F /* FirebaseAppCheck in Frameworks */ = {isa = PBXBuildFile; productRef = F0FF8BC73059299100B7C84F /* FirebaseAppCheck */; };
		F0FF8BCA3059299100B7C84F /* FirebaseCore in Frameworks */ = {isa = PBXBuildFile; productRef = F0FF8BC93059299100B7C84F /* FirebaseCore */; };
		F0FF8BCC3059299100B7C84F /* FirebaseCrashlytics in Frameworks */ = {isa = PBXBuildFile; productRef = F0FF8BCB3059299100B7C84F /* FirebaseCrashlytics */; };
		F0FF8BCE3059299100B7C84F /* FirebaseMessaging in Frameworks */ = {isa = PBXBuildFile; productRef = F0FF8BCD3059299100B7C84F /* FirebaseMessaging */; };
		F0FF8BD1305929B000B7C84F /* GoogleSignIn in Frameworks */ = {isa = PBXBuildFile; productRef = F0FF8BD0305929B000B7C84F /* GoogleSignIn */; };
		F0FF8BD3305929B000B7C84F /* GoogleSignInSwift in Frameworks */ = {isa = PBXBuildFile; productRef = F0FF8BD2305929B000B7C84F /* GoogleSignInSwift */; };
		F0FF8BD6305929F200B7C84F /* SwiftMessages in Frameworks */ = {isa = PBXBuildFile; productRef = F0FF8BD5305929F200B7C84F /* SwiftMessages */; };
		F0FF8BD930592A1100B7C84F /* IQKeyboardManagerSwift in Frameworks */ = {isa = PBXBuildFile; productRef = F0FF8BD830592A1100B7C84F /* IQKeyboardManagerSwift */; };
		F0FF8BDC30592A1F00B7C84F /* IQKeyboardToolbarManager in Frameworks */ = {isa = PBXBuildFile; productRef = F0FF8BDB30592A1F00B7C84F /* IQKeyboardToolbarManager */; };
		F0FF8BDF30592A3400B7C84F /* SVProgressHUD in Frameworks */ = {isa = PBXBuildFile; productRef = F0FF8BDE30592A3400B7C84F /* SVProgressHUD */; };
/* End PBXBuildFile section */

/* Begin PBXFileReference section */
		F0FF8BA4305928B900B7C84F /* Kitapi.app */ = {isa = PBXFileReference; explicitFileType = wrapper.application; includeInIndex = 0; path = Kitapi.app; sourceTree = BUILT_PRODUCTS_DIR; };
/* End PBXFileReference section */

/* Begin PBXFileSystemSynchronizedBuildFileExceptionSet section */
		F0FF8BB6305928BB00B7C84F /* Exceptions for "Kitapi" folder in "Kitapi" target */ = {
			isa = PBXFileSystemSynchronizedBuildFileExceptionSet;
			membershipExceptions = (
				Info.plist,
			);
			target = F0FF8BA3305928B900B7C84F /* Kitapi */;
		};
/* End PBXFileSystemSynchronizedBuildFileExceptionSet section */

/* Begin PBXFileSystemSynchronizedRootGroup section */
		F0FF8BA6305928B900B7C84F /* Kitapi */ = {
			isa = PBXFileSystemSynchronizedRootGroup;
			exceptions = (
				F0FF8BB6305928BB00B7C84F /* Exceptions for "Kitapi" folder in "Kitapi" target */,
			);
			path = Kitapi;
			sourceTree = "<group>";
		};
/* End PBXFileSystemSynchronizedRootGroup section */

/* Begin PBXFrameworksBuildPhase section */
		F0FF8BA1305928B900B7C84F /* Frameworks */ = {
			isa = PBXFrameworksBuildPhase;
			buildActionMask = 2147483647;
			files = (
				F0FF8BCE3059299100B7C84F /* FirebaseMessaging in Frameworks */,
				F0FF8BC13059293C00B7C84F /* Kingfisher in Frameworks */,
				F0FF8BBE3059293100B7C84F /* FloatingPanel in Frameworks */,
				F0FF8BC43059299100B7C84F /* FirebaseAnalytics in Frameworks */,
				F0FF8BCC3059299100B7C84F /* FirebaseCrashlytics in Frameworks */,
				F0FF8BDC30592A1F00B7C84F /* IQKeyboardToolbarManager in Frameworks */,
				F0FF8BD930592A1100B7C84F /* IQKeyboardManagerSwift in Frameworks */,
				F0FF8BD3305929B000B7C84F /* GoogleSignInSwift in Frameworks */,
				F0FF8BC83059299100B7C84F /* FirebaseAppCheck in Frameworks */,
				F0FF8BD6305929F200B7C84F /* SwiftMessages in Frameworks */,
				F0FF8BDF30592A3400B7C84F /* SVProgressHUD in Frameworks */,
				F0FF8BCA3059299100B7C84F /* FirebaseCore in Frameworks */,
				F0FF8BC63059299100B7C84F /* FirebaseAnalyticsCore in Frameworks */,
				F0FF8BD1305929B000B7C84F /* GoogleSignIn in Frameworks */,
			);
			runOnlyForDeploymentPostprocessing = 0;
		};
/* End PBXFrameworksBuildPhase section */

/* Begin PBXGroup section */
		F0FF8B9B305928B900B7C84F = {
			isa = PBXGroup;
			children = (
				F0FF8BA6305928B900B7C84F /* Kitapi */,
				F0FF8BA5305928B900B7C84F /* Products */,
			);
			sourceTree = "<group>";
		};
		F0FF8BA5305928B900B7C84F /* Products */ = {
			isa = PBXGroup;
			children = (
				F0FF8BA4305928B900B7C84F /* Kitapi.app */,
			);
			name = Products;
			sourceTree = "<group>";
		};
/* End PBXGroup section */

/* Begin PBXNativeTarget section */
		F0FF8BA3305928B900B7C84F /* Kitapi */ = {
			isa = PBXNativeTarget;
			buildConfigurationList = F0FF8BB7305928BB00B7C84F /* Build configuration list for PBXNativeTarget "Kitapi" */;
			buildPhases = (
				F0FF8BA0305928B900B7C84F /* Sources */,
				F0FF8BA1305928B900B7C84F /* Frameworks */,
				F0FF8BA2305928B900B7C84F /* Resources */,
			);
			buildRules = (
			);
			dependencies = (
			);
			fileSystemSynchronizedGroups = (
				F0FF8BA6305928B900B7C84F /* Kitapi */,
			);
			name = Kitapi;
			packageProductDependencies = (
				F0FF8BBD3059293100B7C84F /* FloatingPanel */,
				F0FF8BC03059293C00B7C84F /* Kingfisher */,
				F0FF8BC33059299100B7C84F /* FirebaseAnalytics */,
				F0FF8BC53059299100B7C84F /* FirebaseAnalyticsCore */,
				F0FF8BC73059299100B7C84F /* FirebaseAppCheck */,
				F0FF8BC93059299100B7C84F /* FirebaseCore */,
				F0FF8BCB3059299100B7C84F /* FirebaseCrashlytics */,
				F0FF8BCD3059299100B7C84F /* FirebaseMessaging */,
				F0FF8BD0305929B000B7C84F /* GoogleSignIn */,
				F0FF8BD2305929B000B7C84F /* GoogleSignInSwift */,
				F0FF8BD5305929F200B7C84F /* SwiftMessages */,
				F0FF8BD830592A1100B7C84F /* IQKeyboardManagerSwift */,
				F0FF8BDB30592A1F00B7C84F /* IQKeyboardToolbarManager */,
				F0FF8BDE30592A3400B7C84F /* SVProgressHUD */,
			);
			productName = Kitapi;
			productReference = F0FF8BA4305928B900B7C84F /* Kitapi.app */;
			productType = "com.apple.product-type.application";
		};
/* End PBXNativeTarget section */

/* Begin PBXProject section */
		F0FF8B9C305928B900B7C84F /* Project object */ = {
			isa = PBXProject;
			attributes = {
				BuildIndependentTargetsInParallel = 1;
				LastSwiftUpdateCheck = 2650;
				LastUpgradeCheck = 2650;
				TargetAttributes = {
					F0FF8BA3305928B900B7C84F = {
						CreatedOnToolsVersion = 26.5;
					};
				};
			};
			buildConfigurationList = F0FF8B9F305928B900B7C84F /* Build configuration list for PBXProject "Kitapi" */;
			developmentRegion = en;
			hasScannedForEncodings = 0;
			knownRegions = (
				en,
				Base,
			);
			mainGroup = F0FF8B9B305928B900B7C84F;
			minimizedProjectReferenceProxies = 1;
			packageReferences = (
				F0FF8BBC3059293100B7C84F /* XCRemoteSwiftPackageReference "FloatingPanel" */,
				F0FF8BBF3059293C00B7C84F /* XCRemoteSwiftPackageReference "Kingfisher" */,
				F0FF8BC23059299100B7C84F /* XCRemoteSwiftPackageReference "firebase-ios-sdk" */,
				F0FF8BCF305929B000B7C84F /* XCRemoteSwiftPackageReference "GoogleSignIn-iOS" */,
				F0FF8BD4305929F200B7C84F /* XCRemoteSwiftPackageReference "SwiftMessages" */,
				F0FF8BD730592A1100B7C84F /* XCRemoteSwiftPackageReference "IQKeyboardManager" */,
				F0FF8BDA30592A1F00B7C84F /* XCRemoteSwiftPackageReference "IQKeyboardToolbarManager" */,
				F0FF8BDD30592A3400B7C84F /* XCRemoteSwiftPackageReference "SVProgressHUD" */,
			);
			preferredProjectObjectVersion = 77;
			productRefGroup = F0FF8BA5305928B900B7C84F /* Products */;
			projectDirPath = "";
			projectRoot = "";
			targets = (
				F0FF8BA3305928B900B7C84F /* Kitapi */,
			);
		};
/* End PBXProject section */

/* Begin PBXResourcesBuildPhase section */
		F0FF8BA2305928B900B7C84F /* Resources */ = {
			isa = PBXResourcesBuildPhase;
			buildActionMask = 2147483647;
			files = (
			);
			runOnlyForDeploymentPostprocessing = 0;
		};
/* End PBXResourcesBuildPhase section */

/* Begin PBXSourcesBuildPhase section */
		F0FF8BA0305928B900B7C84F /* Sources */ = {
			isa = PBXSourcesBuildPhase;
			buildActionMask = 2147483647;
			files = (
			);
			runOnlyForDeploymentPostprocessing = 0;
		};
/* End PBXSourcesBuildPhase section */

/* Begin XCBuildConfiguration section */
		F0FF8BB8305928BB00B7C84F /* Debug */ = {
			isa = XCBuildConfiguration;
			buildSettings = {
				ASSETCATALOG_COMPILER_APPICON_NAME = AppIcon;
				ASSETCATALOG_COMPILER_GLOBAL_ACCENT_COLOR_NAME = AccentColor;
				CODE_SIGN_STYLE = Automatic;
				CURRENT_PROJECT_VERSION = 1;
				DEVELOPMENT_TEAM = G33UGE8K58;
				GENERATE_INFOPLIST_FILE = YES;
				INFOPLIST_FILE = Kitapi/Info.plist;
				INFOPLIST_KEY_NSCameraUsageDescription = "Allow camera access to take profile picture";
				INFOPLIST_KEY_NSMicrophoneUsageDescription = "Allow microphone access to record voice notes.";
				INFOPLIST_KEY_UIApplicationSupportsIndirectInputEvents = YES;
				INFOPLIST_KEY_UILaunchStoryboardName = LaunchScreen;
				INFOPLIST_KEY_UIMainStoryboardFile = Main;
				INFOPLIST_KEY_UISupportedInterfaceOrientations = UIInterfaceOrientationPortrait;
				INFOPLIST_KEY_UISupportedInterfaceOrientations_iPad = "UIInterfaceOrientationLandscapeLeft UIInterfaceOrientationLandscapeRight UIInterfaceOrientationPortrait UIInterfaceOrientationPortraitUpsideDown";
				INFOPLIST_KEY_UIUserInterfaceStyle = Light;
				IPHONEOS_DEPLOYMENT_TARGET = 15.6;
				LD_RUNPATH_SEARCH_PATHS = (
					"$(inherited)",
					"@executable_path/Frameworks",
				);
				MARKETING_VERSION = 1.0;
				PRODUCT_BUNDLE_IDENTIFIER = com.apprikart.Kitapi;
				PRODUCT_NAME = "$(TARGET_NAME)";
				STRING_CATALOG_GENERATE_SYMBOLS = YES;
				SUPPORTED_PLATFORMS = "iphoneos iphonesimulator";
				SUPPORTS_MACCATALYST = NO;
				SUPPORTS_MAC_DESIGNED_FOR_IPHONE_IPAD = NO;
				SUPPORTS_XR_DESIGNED_FOR_IPHONE_IPAD = NO;
				SWIFT_APPROACHABLE_CONCURRENCY = YES;
				SWIFT_DEFAULT_ACTOR_ISOLATION = MainActor;
				SWIFT_EMIT_LOC_STRINGS = YES;
				SWIFT_UPCOMING_FEATURE_MEMBER_IMPORT_VISIBILITY = YES;
				SWIFT_VERSION = 5.0;
				TARGETED_DEVICE_FAMILY = "1,2";
			};
			name = Debug;
		};
		F0FF8BB9305928BB00B7C84F /* Release */ = {
			isa = XCBuildConfiguration;
			buildSettings = {
				ASSETCATALOG_COMPILER_APPICON_NAME = AppIcon;
				ASSETCATALOG_COMPILER_GLOBAL_ACCENT_COLOR_NAME = AccentColor;
				CODE_SIGN_STYLE = Automatic;
				CURRENT_PROJECT_VERSION = 1;
				DEVELOPMENT_TEAM = G33UGE8K58;
				GENERATE_INFOPLIST_FILE = YES;
				INFOPLIST_FILE = Kitapi/Info.plist;
				INFOPLIST_KEY_NSCameraUsageDescription = "Allow camera access to take profile picture";
				INFOPLIST_KEY_NSMicrophoneUsageDescription = "Allow microphone access to record voice notes.";
				INFOPLIST_KEY_UIApplicationSupportsIndirectInputEvents = YES;
				INFOPLIST_KEY_UILaunchStoryboardName = LaunchScreen;
				INFOPLIST_KEY_UIMainStoryboardFile = Main;
				INFOPLIST_KEY_UISupportedInterfaceOrientations = UIInterfaceOrientationPortrait;
				INFOPLIST_KEY_UISupportedInterfaceOrientations_iPad = "UIInterfaceOrientationLandscapeLeft UIInterfaceOrientationLandscapeRight UIInterfaceOrientationPortrait UIInterfaceOrientationPortraitUpsideDown";
				INFOPLIST_KEY_UIUserInterfaceStyle = Light;
				IPHONEOS_DEPLOYMENT_TARGET = 15.6;
				LD_RUNPATH_SEARCH_PATHS = (
					"$(inherited)",
					"@executable_path/Frameworks",
				);
				MARKETING_VERSION = 1.0;
				PRODUCT_BUNDLE_IDENTIFIER = com.apprikart.Kitapi;
				PRODUCT_NAME = "$(TARGET_NAME)";
				STRING_CATALOG_GENERATE_SYMBOLS = YES;
				SUPPORTED_PLATFORMS = "iphoneos iphonesimulator";
				SUPPORTS_MACCATALYST = NO;
				SUPPORTS_MAC_DESIGNED_FOR_IPHONE_IPAD = NO;
				SUPPORTS_XR_DESIGNED_FOR_IPHONE_IPAD = NO;
				SWIFT_APPROACHABLE_CONCURRENCY = YES;
				SWIFT_DEFAULT_ACTOR_ISOLATION = MainActor;
				SWIFT_EMIT_LOC_STRINGS = YES;
				SWIFT_UPCOMING_FEATURE_MEMBER_IMPORT_VISIBILITY = YES;
				SWIFT_VERSION = 5.0;
				TARGETED_DEVICE_FAMILY = "1,2";
			};
			name = Release;
		};
		F0FF8BBA305928BB00B7C84F /* Debug */ = {
			isa = XCBuildConfiguration;
			buildSettings = {
				ALWAYS_SEARCH_USER_PATHS = NO;
				ASSETCATALOG_COMPILER_GENERATE_SWIFT_ASSET_SYMBOL_EXTENSIONS = YES;
				CLANG_ANALYZER_NONNULL = YES;
				CLANG_ANALYZER_NUMBER_OBJECT_CONVERSION = YES_AGGRESSIVE;
				CLANG_CXX_LANGUAGE_STANDARD = "gnu++20";
				CLANG_ENABLE_MODULES = YES;
				CLANG_ENABLE_OBJC_ARC = YES;
				CLANG_ENABLE_OBJC_WEAK = YES;
				CLANG_WARN_BLOCK_CAPTURE_AUTORELEASING = YES;
				CLANG_WARN_BOOL_CONVERSION = YES;
				CLANG_WARN_COMMA = YES;
				CLANG_WARN_CONSTANT_CONVERSION = YES;
				CLANG_WARN_DEPRECATED_OBJC_IMPLEMENTATIONS = YES;
				CLANG_WARN_DIRECT_OBJC_ISA_USAGE = YES_ERROR;
				CLANG_WARN_DOCUMENTATION_COMMENTS = YES;
				CLANG_WARN_EMPTY_BODY = YES;
				CLANG_WARN_ENUM_CONVERSION = YES;
				CLANG_WARN_INFINITE_RECURSION = YES;
				CLANG_WARN_INT_CONVERSION = YES;
				CLANG_WARN_NON_LITERAL_NULL_CONVERSION = YES;
				CLANG_WARN_OBJC_IMPLICIT_RETAIN_SELF = YES;
				CLANG_WARN_OBJC_LITERAL_CONVERSION = YES;
				CLANG_WARN_OBJC_ROOT_CLASS = YES_ERROR;
				CLANG_WARN_QUOTED_INCLUDE_IN_FRAMEWORK_HEADER = YES;
				CLANG_WARN_RANGE_LOOP_ANALYSIS = YES;
				CLANG_WARN_STRICT_PROTOTYPES = YES;
				CLANG_WARN_SUSPICIOUS_MOVE = YES;
				CLANG_WARN_UNGUARDED_AVAILABILITY = YES_AGGRESSIVE;
				CLANG_WARN_UNREACHABLE_CODE = YES;
				CLANG_WARN__DUPLICATE_METHOD_MATCH = YES;
				COPY_PHASE_STRIP = NO;
				DEBUG_INFORMATION_FORMAT = dwarf;
				DEVELOPMENT_TEAM = G33UGE8K58;
				ENABLE_STRICT_OBJC_MSGSEND = YES;
				ENABLE_TESTABILITY = YES;
				ENABLE_USER_SCRIPT_SANDBOXING = YES;
				GCC_C_LANGUAGE_STANDARD = gnu17;
				GCC_DYNAMIC_NO_PIC = NO;
				GCC_NO_COMMON_BLOCKS = YES;
				GCC_OPTIMIZATION_LEVEL = 0;
				GCC_PREPROCESSOR_DEFINITIONS = (
					"DEBUG=1",
					"$(inherited)",
				);
				GCC_WARN_64_TO_32_BIT_CONVERSION = YES;
				GCC_WARN_ABOUT_RETURN_TYPE = YES_ERROR;
				GCC_WARN_UNDECLARED_SELECTOR = YES;
				GCC_WARN_UNINITIALIZED_AUTOS = YES_AGGRESSIVE;
				GCC_WARN_UNUSED_FUNCTION = YES;
				GCC_WARN_UNUSED_VARIABLE = YES;
				IPHONEOS_DEPLOYMENT_TARGET = 26.5;
				LOCALIZATION_PREFERS_STRING_CATALOGS = YES;
				MTL_ENABLE_DEBUG_INFO = INCLUDE_SOURCE;
				MTL_FAST_MATH = YES;
				ONLY_ACTIVE_ARCH = YES;
				SDKROOT = iphoneos;
				SWIFT_ACTIVE_COMPILATION_CONDITIONS = "DEBUG $(inherited)";
				SWIFT_OPTIMIZATION_LEVEL = "-Onone";
			};
			name = Debug;
		};
		F0FF8BBB305928BB00B7C84F /* Release */ = {
			isa = XCBuildConfiguration;
			buildSettings = {
				ALWAYS_SEARCH_USER_PATHS = NO;
				ASSETCATALOG_COMPILER_GENERATE_SWIFT_ASSET_SYMBOL_EXTENSIONS = YES;
				CLANG_ANALYZER_NONNULL = YES;
				CLANG_ANALYZER_NUMBER_OBJECT_CONVERSION = YES_AGGRESSIVE;
				CLANG_CXX_LANGUAGE_STANDARD = "gnu++20";
				CLANG_ENABLE_MODULES = YES;
				CLANG_ENABLE_OBJC_ARC = YES;
				CLANG_ENABLE_OBJC_WEAK = YES;
				CLANG_WARN_BLOCK_CAPTURE_AUTORELEASING = YES;
				CLANG_WARN_BOOL_CONVERSION = YES;
				CLANG_WARN_COMMA = YES;
				CLANG_WARN_CONSTANT_CONVERSION = YES;
				CLANG_WARN_DEPRECATED_OBJC_IMPLEMENTATIONS = YES;
				CLANG_WARN_DIRECT_OBJC_ISA_USAGE = YES_ERROR;
				CLANG_WARN_DOCUMENTATION_COMMENTS = YES;
				CLANG_WARN_EMPTY_BODY = YES;
				CLANG_WARN_ENUM_CONVERSION = YES;
				CLANG_WARN_INFINITE_RECURSION = YES;
				CLANG_WARN_INT_CONVERSION = YES;
				CLANG_WARN_NON_LITERAL_NULL_CONVERSION = YES;
				CLANG_WARN_OBJC_IMPLICIT_RETAIN_SELF = YES;
				CLANG_WARN_OBJC_LITERAL_CONVERSION = YES;
				CLANG_WARN_OBJC_ROOT_CLASS = YES_ERROR;
				CLANG_WARN_QUOTED_INCLUDE_IN_FRAMEWORK_HEADER = YES;
				CLANG_WARN_RANGE_LOOP_ANALYSIS = YES;
				CLANG_WARN_STRICT_PROTOTYPES = YES;
				CLANG_WARN_SUSPICIOUS_MOVE = YES;
				CLANG_WARN_UNGUARDED_AVAILABILITY = YES_AGGRESSIVE;
				CLANG_WARN_UNREACHABLE_CODE = YES;
				CLANG_WARN__DUPLICATE_METHOD_MATCH = YES;
				COPY_PHASE_STRIP = NO;
				DEBUG_INFORMATION_FORMAT = "dwarf-with-dsym";
				DEVELOPMENT_TEAM = G33UGE8K58;
				ENABLE_NS_ASSERTIONS = NO;
				ENABLE_STRICT_OBJC_MSGSEND = YES;
				ENABLE_USER_SCRIPT_SANDBOXING = YES;
				GCC_C_LANGUAGE_STANDARD = gnu17;
				GCC_NO_COMMON_BLOCKS = YES;
				GCC_WARN_64_TO_32_BIT_CONVERSION = YES;
				GCC_WARN_ABOUT_RETURN_TYPE = YES_ERROR;
				GCC_WARN_UNDECLARED_SELECTOR = YES;
				GCC_WARN_UNINITIALIZED_AUTOS = YES_AGGRESSIVE;
				GCC_WARN_UNUSED_FUNCTION = YES;
				GCC_WARN_UNUSED_VARIABLE = YES;
				IPHONEOS_DEPLOYMENT_TARGET = 26.5;
				LOCALIZATION_PREFERS_STRING_CATALOGS = YES;
				MTL_ENABLE_DEBUG_INFO = NO;
				MTL_FAST_MATH = YES;
				SDKROOT = iphoneos;
				SWIFT_COMPILATION_MODE = wholemodule;
				VALIDATE_PRODUCT = YES;
			};
			name = Release;
		};
/* End XCBuildConfiguration section */

/* Begin XCConfigurationList section */
		F0FF8B9F305928B900B7C84F /* Build configuration list for PBXProject "Kitapi" */ = {
			isa = XCConfigurationList;
			buildConfigurations = (
				F0FF8BBA305928BB00B7C84F /* Debug */,
				F0FF8BBB305928BB00B7C84F /* Release */,
			);
			defaultConfigurationIsVisible = 0;
			defaultConfigurationName = Release;
		};
		F0FF8BB7305928BB00B7C84F /* Build configuration list for PBXNativeTarget "Kitapi" */ = {
			isa = XCConfigurationList;
			buildConfigurations = (
				F0FF8BB8305928BB00B7C84F /* Debug */,
				F0FF8BB9305928BB00B7C84F /* Release */,
			);
			defaultConfigurationIsVisible = 0;
			defaultConfigurationName = Release;
		};
/* End XCConfigurationList section */

/* Begin XCRemoteSwiftPackageReference section */
		F0FF8BBC3059293100B7C84F /* XCRemoteSwiftPackageReference "FloatingPanel" */ = {
			isa = XCRemoteSwiftPackageReference;
			repositoryURL = "https://github.com/scenee/FloatingPanel";
			requirement = {
				kind = upToNextMajorVersion;
				minimumVersion = 3.2.4;
			};
		};
		F0FF8BBF3059293C00B7C84F /* XCRemoteSwiftPackageReference "Kingfisher" */ = {
			isa = XCRemoteSwiftPackageReference;
			repositoryURL = "https://github.com/onevcat/Kingfisher";
			requirement = {
				kind = upToNextMajorVersion;
				minimumVersion = 8.12.0;
			};
		};
		F0FF8BC23059299100B7C84F /* XCRemoteSwiftPackageReference "firebase-ios-sdk" */ = {
			isa = XCRemoteSwiftPackageReference;
			repositoryURL = "https://github.com/firebase/firebase-ios-sdk";
			requirement = {
				kind = upToNextMajorVersion;
				minimumVersion = 12.19.1;
			};
		};
		F0FF8BCF305929B000B7C84F /* XCRemoteSwiftPackageReference "GoogleSignIn-iOS" */ = {
			isa = XCRemoteSwiftPackageReference;
			repositoryURL = "https://github.com/google/GoogleSignIn-iOS";
			requirement = {
				kind = upToNextMajorVersion;
				minimumVersion = 10.0.0;
			};
		};
		F0FF8BD4305929F200B7C84F /* XCRemoteSwiftPackageReference "SwiftMessages" */ = {
			isa = XCRemoteSwiftPackageReference;
			repositoryURL = "https://github.com/SwiftKickMobile/SwiftMessages";
			requirement = {
				kind = upToNextMajorVersion;
				minimumVersion = 10.0.2;
			};
		};
		F0FF8BD730592A1100B7C84F /* XCRemoteSwiftPackageReference "IQKeyboardManager" */ = {
			isa = XCRemoteSwiftPackageReference;
			repositoryURL = "https://github.com/hackiftekhar/IQKeyboardManager";
			requirement = {
				kind = upToNextMajorVersion;
				minimumVersion = 8.0.3;
			};
		};
		F0FF8BDA30592A1F00B7C84F /* XCRemoteSwiftPackageReference "IQKeyboardToolbarManager" */ = {
			isa = XCRemoteSwiftPackageReference;
			repositoryURL = "https://github.com/hackiftekhar/IQKeyboardToolbarManager";
			requirement = {
				kind = upToNextMajorVersion;
				minimumVersion = 1.1.6;
			};
		};
		F0FF8BDD30592A3400B7C84F /* XCRemoteSwiftPackageReference "SVProgressHUD" */ = {
			isa = XCRemoteSwiftPackageReference;
			repositoryURL = "https://github.com/SVProgressHUD/SVProgressHUD.git";
			requirement = {
				kind = upToNextMajorVersion;
				minimumVersion = 2.3.1;
			};
		};
/* End XCRemoteSwiftPackageReference section */

/* Begin XCSwiftPackageProductDependency section */
		F0FF8BBD3059293100B7C84F /* FloatingPanel */ = {
			isa = XCSwiftPackageProductDependency;
			package = F0FF8BBC3059293100B7C84F /* XCRemoteSwiftPackageReference "FloatingPanel" */;
			productName = FloatingPanel;
		};
		F0FF8BC03059293C00B7C84F /* Kingfisher */ = {
			isa = XCSwiftPackageProductDependency;
			package = F0FF8BBF3059293C00B7C84F /* XCRemoteSwiftPackageReference "Kingfisher" */;
			productName = Kingfisher;
		};
		F0FF8BC33059299100B7C84F /* FirebaseAnalytics */ = {
			isa = XCSwiftPackageProductDependency;
			package = F0FF8BC23059299100B7C84F /* XCRemoteSwiftPackageReference "firebase-ios-sdk" */;
			productName = FirebaseAnalytics;
		};
		F0FF8BC53059299100B7C84F /* FirebaseAnalyticsCore */ = {
			isa = XCSwiftPackageProductDependency;
			package = F0FF8BC23059299100B7C84F /* XCRemoteSwiftPackageReference "firebase-ios-sdk" */;
			productName = FirebaseAnalyticsCore;
		};
		F0FF8BC73059299100B7C84F /* FirebaseAppCheck */ = {
			isa = XCSwiftPackageProductDependency;
			package = F0FF8BC23059299100B7C84F /* XCRemoteSwiftPackageReference "firebase-ios-sdk" */;
			productName = FirebaseAppCheck;
		};
		F0FF8BC93059299100B7C84F /* FirebaseCore */ = {
			isa = XCSwiftPackageProductDependency;
			package = F0FF8BC23059299100B7C84F /* XCRemoteSwiftPackageReference "firebase-ios-sdk" */;
			productName = FirebaseCore;
		};
		F0FF8BCB3059299100B7C84F /* FirebaseCrashlytics */ = {
			isa = XCSwiftPackageProductDependency;
			package = F0FF8BC23059299100B7C84F /* XCRemoteSwiftPackageReference "firebase-ios-sdk" */;
			productName = FirebaseCrashlytics;
		};
		F0FF8BCD3059299100B7C84F /* FirebaseMessaging */ = {
			isa = XCSwiftPackageProductDependency;
			package = F0FF8BC23059299100B7C84F /* XCRemoteSwiftPackageReference "firebase-ios-sdk" */;
			productName = FirebaseMessaging;
		};
		F0FF8BD0305929B000B7C84F /* GoogleSignIn */ = {
			isa = XCSwiftPackageProductDependency;
			package = F0FF8BCF305929B000B7C84F /* XCRemoteSwiftPackageReference "GoogleSignIn-iOS" */;
			productName = GoogleSignIn;
		};
		F0FF8BD2305929B000B7C84F /* GoogleSignInSwift */ = {
			isa = XCSwiftPackageProductDependency;
			package = F0FF8BCF305929B000B7C84F /* XCRemoteSwiftPackageReference "GoogleSignIn-iOS" */;
			productName = GoogleSignInSwift;
		};
		F0FF8BD5305929F200B7C84F /* SwiftMessages */ = {
			isa = XCSwiftPackageProductDependency;
			package = F0FF8BD4305929F200B7C84F /* XCRemoteSwiftPackageReference "SwiftMessages" */;
			productName = SwiftMessages;
		};
		F0FF8BD830592A1100B7C84F /* IQKeyboardManagerSwift */ = {
			isa = XCSwiftPackageProductDependency;
			package = F0FF8BD730592A1100B7C84F /* XCRemoteSwiftPackageReference "IQKeyboardManager" */;
			productName = IQKeyboardManagerSwift;
		};
		F0FF8BDB30592A1F00B7C84F /* IQKeyboardToolbarManager */ = {
			isa = XCSwiftPackageProductDependency;
			package = F0FF8BDA30592A1F00B7C84F /* XCRemoteSwiftPackageReference "IQKeyboardToolbarManager" */;
			productName = IQKeyboardToolbarManager;
		};
		F0FF8BDE30592A3400B7C84F /* SVProgressHUD */ = {
			isa = XCSwiftPackageProductDependency;
			package = F0FF8BDD30592A3400B7C84F /* XCRemoteSwiftPackageReference "SVProgressHUD" */;
			productName = SVProgressHUD;
		};
/* End XCSwiftPackageProductDependency section */
	};
	rootObject = F0FF8B9C305928B900B7C84F /* Project object */;
}
